
Microsoft Visual Studio Solution File, Format Version 12.00
# Visual Studio 15
VisualStudioVersion = 15.0.28307.168
MinimumVisualStudioVersion = 10.0.40219.1
Project("{FAE04EC0-301F-11D3-BF4B-00C04F79EFBC}") = "CFLib", "CFLib\CFLib.csproj", "{1A8E9E19-7926-41A7-A430-C6EC48D1AAF7}"
EndProject
Global
	GlobalSection(SolutionConfigurationPlatforms) = preSolution
		Debug|Any CPU = Debug|Any CPU
		Release|Any CPU = Release|Any CPU
	EndGlobalSection
	GlobalSection(ProjectConfigurationPlatforms) = postSolution
		{1A8E9E19-7926-41A7-A430-C6EC48D1AAF7}.Debug|Any CPU.ActiveCfg = Debug|Any CPU
		{1A8E9E19-7926-41A7-A430-C6EC48D1AAF7}.Debug|Any CPU.Build.0 = Debug|Any CPU
		{1A8E9E19-7926-41A7-A430-C6EC48D1AAF7}.Release|Any CPU.ActiveCfg = Release|Any CPU
		{1A8E9E19-7926-41A7-A430-C6EC48D1AAF7}.Release|Any CPU.Build.0 = Release|Any CPU
	EndGlobalSection
	GlobalSection(SolutionProperties) = preSolution
		HideSolutionNode = FALSE
	EndGlobalSection
	GlobalSection(ExtensibilityGlobals) = postSolution
		SolutionGuid = {6269BAB8-6DD7-4A89-BEA2-03A4035EABA7}
	EndGlobalSection
EndGlobal
